
Microsoft Visual Studio Solution File, Format Version 12.00
# Visual Studio 2012
Project("{FAE04EC0-301F-11D3-BF4B-00C04F79EFBC}") = "JoeForshaw.Messenger", "JoeForshaw.Messenger.csproj", "{F8A1E855-B053-4EA2-B2F5-0FDD13D0C88E}"
EndProject
Global
	GlobalSection(SolutionConfigurationPlatforms) = preSolution
		Debug|Any CPU = Debug|Any CPU
		Release|Any CPU = Release|Any CPU
	EndGlobalSection
	GlobalSection(ProjectConfigurationPlatforms) = postSolution
		{F8A1E855-B053-4EA2-B2F5-0FDD13D0C88E}.Debug|Any CPU.ActiveCfg = Debug|Any CPU
		{F8A1E855-B053-4EA2-B2F5-0FDD13D0C88E}.Debug|Any CPU.Build.0 = Debug|Any CPU
		{F8A1E855-B053-4EA2-B2F5-0FDD13D0C88E}.Release|Any CPU.ActiveCfg = Release|Any CPU
		{F8A1E855-B053-4EA2-B2F5-0FDD13D0C88E}.Release|Any CPU.Build.0 = Release|Any CPU
	EndGlobalSection
EndGlobal
